#MicroXplorer Configuration settings - do not modify
CAN1.CalculateBaudRate=312500
CAN1.CalculateTimeBit=3200
CAN1.CalculateTimeQuantum=1066.6666666666667
CAN1.IPParameters=CalculateTimeQuantum,CalculateTimeBit,CalculateBaudRate,TTCM,NART
CAN1.NART=ENABLE
CAN1.TTCM=ENABLE
File.Version=6
GPIO.groupedBy=Group By Peripherals
KeepUserPlacement=false
Mcu.CPN=STM32F446RET6
Mcu.Family=STM32F4
Mcu.IP0=CAN1
Mcu.IP1=CRC
Mcu.IP2=NVIC
Mcu.IP3=QUADSPI
Mcu.IP4=RCC
Mcu.IP5=SPI2
Mcu.IP6=SYS
Mcu.IP7=USART2
Mcu.IP8=USB_OTG_HS
Mcu.IPNb=9
Mcu.Name=STM32F446R(C-E)Tx
Mcu.Package=LQFP64
Mcu.Pin0=PC13
Mcu.Pin1=PC14-OSC32_IN
Mcu.Pin10=PA4
Mcu.Pin11=PA5
Mcu.Pin12=PA6
Mcu.Pin13=PA7
Mcu.Pin14=PC4
Mcu.Pin15=PC5
Mcu.Pin16=PB0
Mcu.Pin17=PB1
Mcu.Pin18=PB2
Mcu.Pin19=PB10
Mcu.Pin2=PC15-OSC32_OUT
Mcu.Pin20=PB12
Mcu.Pin21=PB14
Mcu.Pin22=PB15
Mcu.Pin23=PC9
Mcu.Pin24=PA11
Mcu.Pin25=PA12
Mcu.Pin26=PA13
Mcu.Pin27=PA14
Mcu.Pin28=PC10
Mcu.Pin29=PB3
Mcu.Pin3=PH0-OSC_IN
Mcu.Pin30=PB4
Mcu.Pin31=PB6
Mcu.Pin32=VP_CRC_VS_CRC
Mcu.Pin33=VP_SYS_VS_Systick
Mcu.Pin4=PH1-OSC_OUT
Mcu.Pin5=PC1
Mcu.Pin6=PC2
Mcu.Pin7=PA0-WKUP
Mcu.Pin8=PA2
Mcu.Pin9=PA3
Mcu.PinsNb=34
Mcu.ThirdPartyNb=0
Mcu.UserConstants=
Mcu.UserName=STM32F446RETx
MxCube.Version=6.5.0
MxDb.Version=DB.6.0.50
NVIC.BusFault_IRQn=true\:0\:0\:false\:false\:true\:true\:false\:true
NVIC.CAN1_RX0_IRQn=true\:0\:0\:false\:false\:true\:true\:true\:true
NVIC.CAN1_RX1_IRQn=true\:0\:0\:false\:false\:true\:true\:true\:true
NVIC.CAN1_SCE_IRQn=true\:0\:0\:false\:false\:true\:true\:true\:true
NVIC.CAN1_TX_IRQn=true\:0\:0\:false\:false\:true\:true\:true\:true
NVIC.DebugMonitor_IRQn=true\:0\:0\:false\:false\:true\:true\:false\:true
NVIC.FLASH_IRQn=true\:0\:0\:false\:false\:true\:true\:true\:true
NVIC.FPU_IRQn=true\:0\:0\:false\:false\:true\:true\:false\:true
NVIC.ForceEnableDMAVector=true
NVIC.HardFault_IRQn=true\:0\:0\:false\:false\:true\:true\:false\:true
NVIC.MemoryManagement_IRQn=true\:0\:0\:false\:false\:true\:true\:false\:true
NVIC.NonMaskableInt_IRQn=true\:0\:0\:false\:false\:true\:true\:false\:true
NVIC.PendSV_IRQn=true\:0\:0\:false\:false\:true\:false\:false\:true
NVIC.PriorityGroup=NVIC_PRIORITYGROUP_0
NVIC.QUADSPI_IRQn=true\:0\:0\:false\:false\:true\:true\:true\:true
NVIC.RCC_IRQn=true\:0\:0\:false\:false\:true\:true\:false\:true
NVIC.SPI2_IRQn=true\:0\:0\:false\:false\:true\:true\:true\:true
NVIC.SVCall_IRQn=true\:0\:0\:false\:false\:true\:false\:false\:true
NVIC.SysTick_IRQn=true\:0\:0\:true\:false\:true\:true\:true\:true
NVIC.UsageFault_IRQn=true\:0\:0\:false\:false\:true\:true\:false\:true
PA0-WKUP.Mode=SYS_WakeUp0
PA0-WKUP.Signal=SYS_WKUP0
PA11.Mode=CAN_Activate
PA11.Signal=CAN1_RX
PA12.Mode=CAN_Activate
PA12.Signal=CAN1_TX
PA13.GPIOParameters=GPIO_Label
PA13.GPIO_Label=TMS
PA13.Locked=true
PA13.Mode=Serial_Wire
PA13.Signal=SYS_JTMS-SWDIO
PA14.GPIOParameters=GPIO_Label
PA14.GPIO_Label=TCK
PA14.Locked=true
PA14.Mode=Serial_Wire
PA14.Signal=SYS_JTCK-SWCLK
PA2.GPIOParameters=GPIO_Label
PA2.GPIO_Label=USART_TX
PA2.Locked=true
PA2.Mode=Asynchronous
PA2.Signal=USART2_TX
PA3.GPIOParameters=GPIO_Label
PA3.GPIO_Label=USART_RX
PA3.Locked=true
PA3.Mode=Asynchronous
PA3.Signal=USART2_RX
PA4.Mode=Activate_SOF_FS
PA4.Signal=USB_OTG_HS_SOF
PA5.GPIOParameters=GPIO_Speed,PinState,GPIO_PuPd,GPIO_Label
PA5.GPIO_Label=LD2 [Green Led]
PA5.GPIO_PuPd=GPIO_NOPULL
PA5.GPIO_Speed=GPIO_SPEED_FREQ_MEDIUM
PA5.Locked=true
PA5.PinState=GPIO_PIN_SET
PA5.Signal=GPIO_Output
PA6.GPIOParameters=GPIO_Label
PA6.GPIO_Label=A0
PA6.Locked=true
PA6.Signal=GPIO_Analog
PA7.GPIOParameters=GPIO_Label
PA7.GPIO_Label=A1
PA7.Locked=true
PA7.Signal=GPIO_Analog
PB0.GPIOParameters=GPIO_Label
PB0.GPIO_Label=A4
PB0.Locked=true
PB0.Signal=GPIO_Analog
PB1.GPIOParameters=GPIO_Label
PB1.GPIO_Label=A5
PB1.Locked=true
PB1.Signal=GPIO_Analog
PB10.Mode=Full_Duplex_Slave
PB10.Signal=SPI2_SCK
PB12.Mode=OTG/Dual-Role-Device-FS
PB12.Signal=USB_OTG_HS_ID
PB14.Mode=OTG/Dual-Role-Device-FS
PB14.Signal=USB_OTG_HS_DM
PB15.Mode=OTG/Dual-Role-Device-FS
PB15.Signal=USB_OTG_HS_DP
PB2.Mode=Single Bank 1 2IOs
PB2.Signal=QUADSPI_CLK
PB3.GPIOParameters=GPIO_Label
PB3.GPIO_Label=SWO
PB3.Locked=true
PB3.Signal=SYS_JTDO-SWO
PB4.Mode=NSS_Signal_Hard_Input
PB4.Signal=SPI2_NSS
PB6.Mode=Single Bank 1 2IOs
PB6.Signal=QUADSPI_BK1_NCS
PC1.Mode=Full_Duplex_Slave
PC1.Signal=SPI2_MOSI
PC10.Mode=Single Bank 1 2IOs
PC10.Signal=QUADSPI_BK1_IO1
PC13.GPIOParameters=GPIO_Label,GPIO_ModeDefaultEXTI
PC13.GPIO_Label=B1 [Blue PushButton]
PC13.GPIO_ModeDefaultEXTI=GPIO_MODE_IT_FALLING
PC13.Locked=true
PC13.Signal=GPXTI13
PC14-OSC32_IN.Locked=true
PC14-OSC32_IN.Mode=LSE-External-Oscillator
PC14-OSC32_IN.Signal=RCC_OSC32_IN
PC15-OSC32_OUT.Locked=true
PC15-OSC32_OUT.Mode=LSE-External-Oscillator
PC15-OSC32_OUT.Signal=RCC_OSC32_OUT
PC2.Mode=Full_Duplex_Slave
PC2.Signal=SPI2_MISO
PC4.GPIOParameters=GPIO_Label
PC4.GPIO_Label=A2
PC4.Locked=true
PC4.Signal=GPIO_Analog
PC5.GPIOParameters=GPIO_Label
PC5.GPIO_Label=A3
PC5.Locked=true
PC5.Signal=GPIO_Analog
PC9.Mode=Single Bank 1 2IOs
PC9.Signal=QUADSPI_BK1_IO0
PH0-OSC_IN.Locked=true
PH0-OSC_IN.Mode=HSE-External-Oscillator
PH0-OSC_IN.Signal=RCC_OSC_IN
PH1-OSC_OUT.Locked=true
PH1-OSC_OUT.Mode=HSE-External-Oscillator
PH1-OSC_OUT.Signal=RCC_OSC_OUT
PinOutPanel.RotationAngle=0
ProjectManager.AskForMigrate=true
ProjectManager.BackupPrevious=false
ProjectManager.CompilerOptimize=6
ProjectManager.ComputerToolchain=false
ProjectManager.CoupleFile=false
ProjectManager.CustomerFirmwarePackage=
ProjectManager.DefaultFWLocation=true
ProjectManager.DeletePrevious=true
ProjectManager.DeviceId=STM32F446RETx
ProjectManager.FirmwarePackage=STM32Cube FW_F4 V1.27.0
ProjectManager.FreePins=false
ProjectManager.HalAssertFull=true
ProjectManager.HeapSize=0x200
ProjectManager.KeepUserCode=true
ProjectManager.LastFirmware=true
ProjectManager.LibraryCopy=2
ProjectManager.MainLocation=Core/Src
ProjectManager.MultiThreaded=true
ProjectManager.NoMain=false
ProjectManager.PreviousToolchain=
ProjectManager.ProjectBuild=false
ProjectManager.ProjectFileName=Nucleo-F446RE_Analog_GPIO.ioc
ProjectManager.ProjectName=Nucleo-F446RE_Analog_GPIO
ProjectManager.RegisterCallBack=
ProjectManager.StackSize=0x400
ProjectManager.TargetToolchain=Makefile
ProjectManager.ThreadSafeStrategy=Cortex-M4NS\:Default,
ProjectManager.ToolChainLocation=
ProjectManager.UnderRoot=false
ProjectManager.functionlistsort=1-SystemClock_Config-RCC-false-HAL-false,2-MX_GPIO_Init-GPIO-false-HAL-true,3-MX_CAN1_Init-CAN1-false-HAL-true,4-MX_CRC_Init-CRC-false-HAL-true,5-MX_QUADSPI_Init-QUADSPI-false-HAL-true,6-MX_SPI2_Init-SPI2-false-HAL-true,7-MX_USART2_UART_Init-USART2-false-HAL-true,8-MX_USB_OTG_HS_USB_Init-USB_OTG_HS-false-HAL-true
QUADSPI.ClockMode=QSPI_CLOCK_MODE_3
QUADSPI.IPParameters=ClockMode
RCC.48MHZClocksFreq_Value=84000000
RCC.AHBCLKDivider=RCC_SYSCLK_DIV4
RCC.AHBFreq_Value=30000000
RCC.APB1CLKDivider=RCC_HCLK_DIV2
RCC.APB1Freq_Value=15000000
RCC.APB1TimFreq_Value=30000000
RCC.APB2Freq_Value=30000000
RCC.APB2TimFreq_Value=30000000
RCC.CECFreq_Value=32786.88524590164
RCC.CortexFreq_Value=30000000
RCC.EthernetFreq_Value=84000000
RCC.FCLKCortexFreq_Value=30000000
RCC.FLatency-AdvancedSettings=FLASH_LATENCY_0
RCC.FMPI2C1Freq_Value=15000000
RCC.FamilyName=M
RCC.HCLKFreq_Value=30000000
RCC.HSE_VALUE=8000000
RCC.HSI_VALUE=16000000
RCC.I2S1Freq_Value=48000000
RCC.I2S2Freq_Value=48000000
RCC.I2SClocksFreq_Value=96000000
RCC.IPParameters=48MHZClocksFreq_Value,AHBCLKDivider,AHBFreq_Value,APB1CLKDivider,APB1Freq_Value,APB1TimFreq_Value,APB2Freq_Value,APB2TimFreq_Value,CECFreq_Value,CortexFreq_Value,EthernetFreq_Value,FCLKCortexFreq_Value,FLatency-AdvancedSettings,FMPI2C1Freq_Value,FamilyName,HCLKFreq_Value,HSE_VALUE,HSI_VALUE,I2S1Freq_Value,I2S2Freq_Value,I2SClocksFreq_Value,LSI_VALUE,MCO2PinFreq_Value,PLLCLKFreq_Value,PLLI2SPCLKFreq_Value,PLLI2SQCLKFreq_Value,PLLI2SRCLKFreq_Value,PLLI2SoutputFreq_Value,PLLM,PLLN,PLLQ,PLLQCLKFreq_Value,PLLRCLKFreq_Value,PLLSAIPCLKFreq_Value,PLLSAIQCLKFreq_Value,PLLSAIoutputFreq_Value,PWRFreq_Value,RTCFreq_Value,RTCHSEDivFreq_Value,SAIAFreq_Value,SAIBFreq_Value,SDIOFreq_Value,SPDIFRXFreq_Value,SYSCLKFreq_VALUE,SYSCLKSource,USBFreq_Value,VCOI2SInputFreq_Value,VCOI2SOutputFreq_Value,VCOInputFreq_Value,VCOInputMFreq_Value,VCOOutputFreq_Value,VCOSAIInputFreq_Value,VCOSAIOutputFreq_Value,VcooutputI2S
RCC.LSI_VALUE=32000
RCC.MCO2PinFreq_Value=120000000
RCC.PLLCLKFreq_Value=120000000
RCC.PLLI2SPCLKFreq_Value=48000000
RCC.PLLI2SQCLKFreq_Value=48000000
RCC.PLLI2SRCLKFreq_Value=48000000
RCC.PLLI2SoutputFreq_Value=48000000
RCC.PLLM=4
RCC.PLLN=120
RCC.PLLQ=5
RCC.PLLQCLKFreq_Value=48000000
RCC.PLLRCLKFreq_Value=120000000
RCC.PLLSAIPCLKFreq_Value=48000000
RCC.PLLSAIQCLKFreq_Value=48000000
RCC.PLLSAIoutputFreq_Value=48000000
RCC.PWRFreq_Value=120000000
RCC.RTCFreq_Value=32000
RCC.RTCHSEDivFreq_Value=4000000
RCC.SAIAFreq_Value=48000000
RCC.SAIBFreq_Value=48000000
RCC.SDIOFreq_Value=48000000
RCC.SPDIFRXFreq_Value=120000000
RCC.SYSCLKFreq_VALUE=120000000
RCC.SYSCLKSource=RCC_SYSCLKSOURCE_PLLCLK
RCC.USBFreq_Value=48000000
RCC.VCOI2SInputFreq_Value=500000
RCC.VCOI2SOutputFreq_Value=96000000
RCC.VCOInputFreq_Value=2000000
RCC.VCOInputMFreq_Value=1000000
RCC.VCOOutputFreq_Value=240000000
RCC.VCOSAIInputFreq_Value=500000
RCC.VCOSAIOutputFreq_Value=96000000
RCC.VcooutputI2S=96000000
SH.GPXTI13.0=GPIO_EXTI13
SH.GPXTI13.ConfNb=1
SPI2.CRCCalculation=SPI_CRCCALCULATION_ENABLE
SPI2.DataSize=SPI_DATASIZE_16BIT
SPI2.Direction=SPI_DIRECTION_2LINES
SPI2.IPParameters=VirtualType,Mode,Direction,VirtualNSS,DataSize,CRCCalculation
SPI2.Mode=SPI_MODE_SLAVE
SPI2.VirtualNSS=VM_NSSHARD
SPI2.VirtualType=VM_SLAVE
USART2.IPParameters=VirtualMode
USART2.VirtualMode=VM_ASYNC
VP_CRC_VS_CRC.Mode=CRC_Activate
VP_CRC_VS_CRC.Signal=CRC_VS_CRC
VP_SYS_VS_Systick.Mode=SysTick
VP_SYS_VS_Systick.Signal=SYS_VS_Systick
board=NUCLEO-F446RE
boardIOC=true
